// !$*UTF8*$!
{
	archiveVersion = 1;
	classes = {
	};
	objectVersion = 50;
	objects = {

/* Begin PBXBuildFile section */
		962C59F026DA46D50004FFD3 /* AppDelegate.swift in Sources */ = {isa = PBXBuildFile; fileRef = 962C59EF26DA46D50004FFD3 /* AppDelegate.swift */; };
		962C59F226DA46D50004FFD3 /* ViewController.swift in Sources */ = {isa = PBXBuildFile; fileRef = 962C59F126DA46D50004FFD3 /* ViewController.swift */; };
		962C59F426DA46D70004FFD3 /* Assets.xcassets in Resources */ = {isa = PBXBuildFile; fileRef = 962C59F326DA46D70004FFD3 /* Assets.xcassets */; };
		962C59F726DA46D70004FFD3 /* Main.storyboard in Resources */ = {isa = PBXBuildFile; fileRef = 962C59F526DA46D70004FFD3 /* Main.storyboard */; };
		962C5A0326DA46D70004FFD3 /* GimmePhotosTests.swift in Sources */ = {isa = PBXBuildFile; fileRef = 962C5A0226DA46D70004FFD3 /* GimmePhotosTests.swift */; };
		962C5A0E26DA46D70004FFD3 /* GimmePhotosUITests.swift in Sources */ = {isa = PBXBuildFile; fileRef = 962C5A0D26DA46D70004FFD3 /* GimmePhotosUITests.swift */; };
		CE9FC2212749520E00C6BA92 /* logics.swift in Sources */ = {isa = PBXBuildFile; fileRef = CE9FC2202749520E00C6BA92 /* logics.swift */; };
		CE9FC22327495A5D00C6BA92 /* logicsTest.swift in Sources */ = {isa = PBXBuildFile; fileRef = CE9FC22227495A5D00C6BA92 /* logicsTest.swift */; };
		CE9FC225274C3B6A00C6BA92 /* Credits.html in Resources */ = {isa = PBXBuildFile; fileRef = CE9FC224274C3B6A00C6BA92 /* Credits.html */; };
/* End PBXBuildFile section */

/* Begin PBXContainerItemProxy section */
		962C59FF26DA46D70004FFD3 /* PBXContainerItemProxy */ = {
			isa = PBXContainerItemProxy;
			containerPortal = 962C59E426DA46D50004FFD3 /* Project object */;
			proxyType = 1;
			remoteGlobalIDString = 962C59EB26DA46D50004FFD3;
			remoteInfo = GimmePhotos;
		};
		962C5A0A26DA46D70004FFD3 /* PBXContainerItemProxy */ = {
			isa = PBXContainerItemProxy;
			containerPortal = 962C59E426DA46D50004FFD3 /* Project object */;
			proxyType = 1;
			remoteGlobalIDString = 962C59EB26DA46D50004FFD3;
			remoteInfo = GimmePhotos;
		};
/* End PBXContainerItemProxy section */

/* Begin PBXFileReference section */
		962C59EC26DA46D50004FFD3 /* GimmePhotos.app */ = {isa = PBXFileReference; explicitFileType = wrapper.application; includeInIndex = 0; path = GimmePhotos.app; sourceTree = BUILT_PRODUCTS_DIR; };
		962C59EF26DA46D50004FFD3 /* AppDelegate.swift */ = {isa = PBXFileReference; lastKnownFileType = sourcecode.swift; path = AppDelegate.swift; sourceTree = "<group>"; };
		962C59F126DA46D50004FFD3 /* ViewController.swift */ = {isa = PBXFileReference; lastKnownFileType = sourcecode.swift; path = ViewController.swift; sourceTree = "<group>"; };
		962C59F326DA46D70004FFD3 /* Assets.xcassets */ = {isa = PBXFileReference; lastKnownFileType = folder.assetcatalog; path = Assets.xcassets; sourceTree = "<group>"; };
		962C59F626DA46D70004FFD3 /* Base */ = {isa = PBXFileReference; lastKnownFileType = file.storyboard; name = Base; path = Base.lproj/Main.storyboard; sourceTree = "<group>"; };
		962C59F826DA46D70004FFD3 /* Info.plist */ = {isa = PBXFileReference; lastKnownFileType = text.plist.xml; path = Info.plist; sourceTree = "<group>"; };
		962C59F926DA46D70004FFD3 /* GimmePhotos.entitlements */ = {isa = PBXFileReference; lastKnownFileType = text.plist.entitlements; path = GimmePhotos.entitlements; sourceTree = "<group>"; };
		962C59FE26DA46D70004FFD3 /* GimmePhotosTests.xctest */ = {isa = PBXFileReference; explicitFileType = wrapper.cfbundle; includeInIndex = 0; path = GimmePhotosTests.xctest; sourceTree = BUILT_PRODUCTS_DIR; };
		962C5A0226DA46D70004FFD3 /* GimmePhotosTests.swift */ = {isa = PBXFileReference; lastKnownFileType = sourcecode.swift; path = GimmePhotosTests.swift; sourceTree = "<group>"; };
		962C5A0426DA46D70004FFD3 /* Info.plist */ = {isa = PBXFileReference; lastKnownFileType = text.plist.xml; path = Info.plist; sourceTree = "<group>"; };
		962C5A0926DA46D70004FFD3 /* GimmePhotosUITests.xctest */ = {isa = PBXFileReference; explicitFileType = wrapper.cfbundle; includeInIndex = 0; path = GimmePhotosUITests.xctest; sourceTree = BUILT_PRODUCTS_DIR; };
		962C5A0D26DA46D70004FFD3 /* GimmePhotosUITests.swift */ = {isa = PBXFileReference; lastKnownFileType = sourcecode.swift; path = GimmePhotosUITests.swift; sourceTree = "<group>"; };
		962C5A0F26DA46D70004FFD3 /* Info.plist */ = {isa = PBXFileReference; lastKnownFileType = text.plist.xml; path = Info.plist; sourceTree = "<group>"; };
		CE9FC2202749520E00C6BA92 /* logics.swift */ = {isa = PBXFileReference; lastKnownFileType = sourcecode.swift; path = logics.swift; sourceTree = "<group>"; };
		CE9FC22227495A5D00C6BA92 /* logicsTest.swift */ = {isa = PBXFileReference; lastKnownFileType = sourcecode.swift; path = logicsTest.swift; sourceTree = "<group>"; };
		CE9FC224274C3B6A00C6BA92 /* Credits.html */ = {isa = PBXFileReference; fileEncoding = 4; lastKnownFileType = text.html; name = Credits.html; path = ../../Documents/Credits.html; sourceTree = "<group>"; };
/* End PBXFileReference section */

/* Begin PBXFrameworksBuildPhase section */
		962C59E926DA46D50004FFD3 /* Frameworks */ = {
			isa = PBXFrameworksBuildPhase;
			buildActionMask = 2147483647;
			files = (
			);
			runOnlyForDeploymentPostprocessing = 0;
		};
		962C59FB26DA46D70004FFD3 /* Frameworks */ = {
			isa = PBXFrameworksBuildPhase;
			buildActionMask = 2147483647;
			files = (
			);
			runOnlyForDeploymentPostprocessing = 0;
		};
		962C5A0626DA46D70004FFD3 /* Frameworks */ = {
			isa = PBXFrameworksBuildPhase;
			buildActionMask = 2147483647;
			files = (
			);
			runOnlyForDeploymentPostprocessing = 0;
		};
/* End PBXFrameworksBuildPhase section */

/* Begin PBXGroup section */
		962C59E326DA46D50004FFD3 = {
			isa = PBXGroup;
			children = (
				962C59EE26DA46D50004FFD3 /* GimmePhotos */,
				962C5A0126DA46D70004FFD3 /* GimmePhotosTests */,
				962C5A0C26DA46D70004FFD3 /* GimmePhotosUITests */,
				962C59ED26DA46D50004FFD3 /* Products */,
			);
			sourceTree = "<group>";
		};
		962C59ED26DA46D50004FFD3 /* Products */ = {
			isa = PBXGroup;
			children = (
				962C59EC26DA46D50004FFD3 /* GimmePhotos.app */,
				962C59FE26DA46D70004FFD3 /* GimmePhotosTests.xctest */,
				962C5A0926DA46D70004FFD3 /* GimmePhotosUITests.xctest */,
			);
			name = Products;
			sourceTree = "<group>";
		};
		962C59EE26DA46D50004FFD3 /* GimmePhotos */ = {
			isa = PBXGroup;
			children = (
				CE9FC224274C3B6A00C6BA92 /* Credits.html */,
				962C59EF26DA46D50004FFD3 /* AppDelegate.swift */,
				962C59F126DA46D50004FFD3 /* ViewController.swift */,
				962C59F326DA46D70004FFD3 /* Assets.xcassets */,
				962C59F526DA46D70004FFD3 /* Main.storyboard */,
				962C59F826DA46D70004FFD3 /* Info.plist */,
				962C59F926DA46D70004FFD3 /* GimmePhotos.entitlements */,
				CE9FC2202749520E00C6BA92 /* logics.swift */,
			);
			path = GimmePhotos;
			sourceTree = "<group>";
		};
		962C5A0126DA46D70004FFD3 /* GimmePhotosTests */ = {
			isa = PBXGroup;
			children = (
				962C5A0226DA46D70004FFD3 /* GimmePhotosTests.swift */,
				962C5A0426DA46D70004FFD3 /* Info.plist */,
				CE9FC22227495A5D00C6BA92 /* logicsTest.swift */,
			);
			path = GimmePhotosTests;
			sourceTree = "<group>";
		};
		962C5A0C26DA46D70004FFD3 /* GimmePhotosUITests */ = {
			isa = PBXGroup;
			children = (
				962C5A0D26DA46D70004FFD3 /* GimmePhotosUITests.swift */,
				962C5A0F26DA46D70004FFD3 /* Info.plist */,
			);
			path = GimmePhotosUITests;
			sourceTree = "<group>";
		};
/* End PBXGroup section */

/* Begin PBXNativeTarget section */
		962C59EB26DA46D50004FFD3 /* GimmePhotos */ = {
			isa = PBXNativeTarget;
			buildConfigurationList = 962C5A1226DA46D70004FFD3 /* Build configuration list for PBXNativeTarget "GimmePhotos" */;
			buildPhases = (
				962C59E826DA46D50004FFD3 /* Sources */,
				962C59E926DA46D50004FFD3 /* Frameworks */,
				962C59EA26DA46D50004FFD3 /* Resources */,
			);
			buildRules = (
			);
			dependencies = (
			);
			name = GimmePhotos;
			productName = GimmePhotos;
			productReference = 962C59EC26DA46D50004FFD3 /* GimmePhotos.app */;
			productType = "com.apple.product-type.application";
		};
		962C59FD26DA46D70004FFD3 /* GimmePhotosTests */ = {
			isa = PBXNativeTarget;
			buildConfigurationList = 962C5A1526DA46D70004FFD3 /* Build configuration list for PBXNativeTarget "GimmePhotosTests" */;
			buildPhases = (
				962C59FA26DA46D70004FFD3 /* Sources */,
				962C59FB26DA46D70004FFD3 /* Frameworks */,
				962C59FC26DA46D70004FFD3 /* Resources */,
			);
			buildRules = (
			);
			dependencies = (
				962C5A0026DA46D70004FFD3 /* PBXTargetDependency */,
			);
			name = GimmePhotosTests;
			productName = GimmePhotosTests;
			productReference = 962C59FE26DA46D70004FFD3 /* GimmePhotosTests.xctest */;
			productType = "com.apple.product-type.bundle.unit-test";
		};
		962C5A0826DA46D70004FFD3 /* GimmePhotosUITests */ = {
			isa = PBXNativeTarget;
			buildConfigurationList = 962C5A1826DA46D70004FFD3 /* Build configuration list for PBXNativeTarget "GimmePhotosUITests" */;
			buildPhases = (
				962C5A0526DA46D70004FFD3 /* Sources */,
				962C5A0626DA46D70004FFD3 /* Frameworks */,
				962C5A0726DA46D70004FFD3 /* Resources */,
			);
			buildRules = (
			);
			dependencies = (
				962C5A0B26DA46D70004FFD3 /* PBXTargetDependency */,
			);
			name = GimmePhotosUITests;
			productName = GimmePhotosUITests;
			productReference = 962C5A0926DA46D70004FFD3 /* GimmePhotosUITests.xctest */;
			productType = "com.apple.product-type.bundle.ui-testing";
		};
/* End PBXNativeTarget section */

/* Begin PBXProject section */
		962C59E426DA46D50004FFD3 /* Project object */ = {
			isa = PBXProject;
			attributes = {
				LastSwiftUpdateCheck = 1240;
				LastUpgradeCheck = 1240;
				TargetAttributes = {
					962C59EB26DA46D50004FFD3 = {
						CreatedOnToolsVersion = 12.4;
					};
					962C59FD26DA46D70004FFD3 = {
						CreatedOnToolsVersion = 12.4;
						TestTargetID = 962C59EB26DA46D50004FFD3;
					};
					962C5A0826DA46D70004FFD3 = {
						CreatedOnToolsVersion = 12.4;
						TestTargetID = 962C59EB26DA46D50004FFD3;
					};
				};
			};
			buildConfigurationList = 962C59E726DA46D50004FFD3 /* Build configuration list for PBXProject "GimmePhotos" */;
			compatibilityVersion = "Xcode 9.3";
			developmentRegion = en;
			hasScannedForEncodings = 0;
			knownRegions = (
				en,
				Base,
			);
			mainGroup = 962C59E326DA46D50004FFD3;
			productRefGroup = 962C59ED26DA46D50004FFD3 /* Products */;
			projectDirPath = "";
			projectRoot = "";
			targets = (
				962C59EB26DA46D50004FFD3 /* GimmePhotos */,
				962C59FD26DA46D70004FFD3 /* GimmePhotosTests */,
				962C5A0826DA46D70004FFD3 /* GimmePhotosUITests */,
			);
		};
/* End PBXProject section */

/* Begin PBXResourcesBuildPhase section */
		962C59EA26DA46D50004FFD3 /* Resources */ = {
			isa = PBXResourcesBuildPhase;
			buildActionMask = 2147483647;
			files = (
				962C59F426DA46D70004FFD3 /* Assets.xcassets in Resources */,
				CE9FC225274C3B6A00C6BA92 /* Credits.html in Resources */,
				962C59F726DA46D70004FFD3 /* Main.storyboard in Resources */,
			);
			runOnlyForDeploymentPostprocessing = 0;
		};
		962C59FC26DA46D70004FFD3 /* Resources */ = {
			isa = PBXResourcesBuildPhase;
			buildActionMask = 2147483647;
			files = (
			);
			runOnlyForDeploymentPostprocessing = 0;
		};
		962C5A0726DA46D70004FFD3 /* Resources */ = {
			isa = PBXResourcesBuildPhase;
			buildActionMask = 2147483647;
			files = (
			);
			runOnlyForDeploymentPostprocessing = 0;
		};
/* End PBXResourcesBuildPhase section */

/* Begin PBXSourcesBuildPhase section */
		962C59E826DA46D50004FFD3 /* Sources */ = {
			isa = PBXSourcesBuildPhase;
			buildActionMask = 2147483647;
			files = (
				962C59F226DA46D50004FFD3 /* ViewController.swift in Sources */,
				CE9FC2212749520E00C6BA92 /* logics.swift in Sources */,
				962C59F026DA46D50004FFD3 /* AppDelegate.swift in Sources */,
			);
			runOnlyForDeploymentPostprocessing = 0;
		};
		962C59FA26DA46D70004FFD3 /* Sources */ = {
			isa = PBXSourcesBuildPhase;
			buildActionMask = 2147483647;
			files = (
				CE9FC22327495A5D00C6BA92 /* logicsTest.swift in Sources */,
				962C5A0326DA46D70004FFD3 /* GimmePhotosTests.swift in Sources */,
			);
			runOnlyForDeploymentPostprocessing = 0;
		};
		962C5A0526DA46D70004FFD3 /* Sources */ = {
			isa = PBXSourcesBuildPhase;
			buildActionMask = 2147483647;
			files = (
				962C5A0E26DA46D70004FFD3 /* GimmePhotosUITests.swift in Sources */,
			);
			runOnlyForDeploymentPostprocessing = 0;
		};
/* End PBXSourcesBuildPhase section */

/* Begin PBXTargetDependency section */
		962C5A0026DA46D70004FFD3 /* PBXTargetDependency */ = {
			isa = PBXTargetDependency;
			target = 962C59EB26DA46D50004FFD3 /* GimmePhotos */;
			targetProxy = 962C59FF26DA46D70004FFD3 /* PBXContainerItemProxy */;
		};
		962C5A0B26DA46D70004FFD3 /* PBXTargetDependency */ = {
			isa = PBXTargetDependency;
			target = 962C59EB26DA46D50004FFD3 /* GimmePhotos */;
			targetProxy = 962C5A0A26DA46D70004FFD3 /* PBXContainerItemProxy */;
		};
/* End PBXTargetDependency section */

/* Begin PBXVariantGroup section */
		962C59F526DA46D70004FFD3 /* Main.storyboard */ = {
			isa = PBXVariantGroup;
			children = (
				962C59F626DA46D70004FFD3 /* Base */,
			);
			name = Main.storyboard;
			sourceTree = "<group>";
		};
/* End PBXVariantGroup section */

/* Begin XCBuildConfiguration section */
		962C5A1026DA46D70004FFD3 /* Debug */ = {
			isa = XCBuildConfiguration;
			buildSettings = {
				ALWAYS_SEARCH_USER_PATHS = NO;
				CLANG_ANALYZER_NONNULL = YES;
				CLANG_ANALYZER_NUMBER_OBJECT_CONVERSION = YES_AGGRESSIVE;
				CLANG_CXX_LANGUAGE_STANDARD = "gnu++14";
				CLANG_CXX_LIBRARY = "libc++";
				CLANG_ENABLE_MODULES = YES;
				CLANG_ENABLE_OBJC_ARC = YES;
				CLANG_ENABLE_OBJC_WEAK = YES;
				CLANG_WARN_BLOCK_CAPTURE_AUTORELEASING = YES;
				CLANG_WARN_BOOL_CONVERSION = YES;
				CLANG_WARN_COMMA = YES;
				CLANG_WARN_CONSTANT_CONVERSION = YES;
				CLANG_WARN_DEPRECATED_OBJC_IMPLEMENTATIONS = YES;
				CLANG_WARN_DIRECT_OBJC_ISA_USAGE = YES_ERROR;
				CLANG_WARN_DOCUMENTATION_COMMENTS = YES;
				CLANG_WARN_EMPTY_BODY = YES;
				CLANG_WARN_ENUM_CONVERSION = YES;
				CLANG_WARN_INFINITE_RECURSION = YES;
				CLANG_WARN_INT_CONVERSION = YES;
				CLANG_WARN_NON_LITERAL_NULL_CONVERSION = YES;
				CLANG_WARN_OBJC_IMPLICIT_RETAIN_SELF = YES;
				CLANG_WARN_OBJC_LITERAL_CONVERSION = YES;
				CLANG_WARN_OBJC_ROOT_CLASS = YES_ERROR;
				CLANG_WARN_QUOTED_INCLUDE_IN_FRAMEWORK_HEADER = YES;
				CLANG_WARN_RANGE_LOOP_ANALYSIS = YES;
				CLANG_WARN_STRICT_PROTOTYPES = YES;
				CLANG_WARN_SUSPICIOUS_MOVE = YES;
				CLANG_WARN_UNGUARDED_AVAILABILITY = YES_AGGRESSIVE;
				CLANG_WARN_UNREACHABLE_CODE = YES;
				CLANG_WARN__DUPLICATE_METHOD_MATCH = YES;
				COPY_PHASE_STRIP = NO;
				DEBUG_INFORMATION_FORMAT = dwarf;
				ENABLE_STRICT_OBJC_MSGSEND = YES;
				ENABLE_TESTABILITY = YES;
				GCC_C_LANGUAGE_STANDARD = gnu11;
				GCC_DYNAMIC_NO_PIC = NO;
				GCC_NO_COMMON_BLOCKS = YES;
				GCC_OPTIMIZATION_LEVEL = 0;
				GCC_PREPROCESSOR_DEFINITIONS = (
					"DEBUG=1",
					"$(inherited)",
				);
				GCC_WARN_64_TO_32_BIT_CONVERSION = YES;
				GCC_WARN_ABOUT_RETURN_TYPE = YES_ERROR;
				GCC_WARN_UNDECLARED_SELECTOR = YES;
				GCC_WARN_UNINITIALIZED_AUTOS = YES_AGGRESSIVE;
				GCC_WARN_UNUSED_FUNCTION = YES;
				GCC_WARN_UNUSED_VARIABLE = YES;
				MACOSX_DEPLOYMENT_TARGET = 10.15;
				MTL_ENABLE_DEBUG_INFO = INCLUDE_SOURCE;
				MTL_FAST_MATH = YES;
				ONLY_ACTIVE_ARCH = YES;
				SDKROOT = macosx;
				SWIFT_ACTIVE_COMPILATION_CONDITIONS = DEBUG;
				SWIFT_OPTIMIZATION_LEVEL = "-Onone";
			};
			name = Debug;
		};
		962C5A1126DA46D70004FFD3 /* Release */ = {
			isa = XCBuildConfiguration;
			buildSettings = {
				ALWAYS_SEARCH_USER_PATHS = NO;
				CLANG_ANALYZER_NONNULL = YES;
				CLANG_ANALYZER_NUMBER_OBJECT_CONVERSION = YES_AGGRESSIVE;
				CLANG_CXX_LANGUAGE_STANDARD = "gnu++14";
				CLANG_CXX_LIBRARY = "libc++";
				CLANG_ENABLE_MODULES = YES;
				CLANG_ENABLE_OBJC_ARC = YES;
				CLANG_ENABLE_OBJC_WEAK = YES;
				CLANG_WARN_BLOCK_CAPTURE_AUTORELEASING = YES;
				CLANG_WARN_BOOL_CONVERSION = YES;
				CLANG_WARN_COMMA = YES;
				CLANG_WARN_CONSTANT_CONVERSION = YES;
				CLANG_WARN_DEPRECATED_OBJC_IMPLEMENTATIONS = YES;
				CLANG_WARN_DIRECT_OBJC_ISA_USAGE = YES_ERROR;
				CLANG_WARN_DOCUMENTATION_COMMENTS = YES;
				CLANG_WARN_EMPTY_BODY = YES;
				CLANG_WARN_ENUM_CONVERSION = YES;
				CLANG_WARN_INFINITE_RECURSION = YES;
				CLANG_WARN_INT_CONVERSION = YES;
				CLANG_WARN_NON_LITERAL_NULL_CONVERSION = YES;
				CLANG_WARN_OBJC_IMPLICIT_RETAIN_SELF = YES;
				CLANG_WARN_OBJC_LITERAL_CONVERSION = YES;
				CLANG_WARN_OBJC_ROOT_CLASS = YES_ERROR;
				CLANG_WARN_QUOTED_INCLUDE_IN_FRAMEWORK_HEADER = YES;
				CLANG_WARN_RANGE_LOOP_ANALYSIS = YES;
				CLANG_WARN_STRICT_PROTOTYPES = YES;
				CLANG_WARN_SUSPICIOUS_MOVE = YES;
				CLANG_WARN_UNGUARDED_AVAILABILITY = YES_AGGRESSIVE;
				CLANG_WARN_UNREACHABLE_CODE = YES;
				CLANG_WARN__DUPLICATE_METHOD_MATCH = YES;
				COPY_PHASE_STRIP = NO;
				DEBUG_INFORMATION_FORMAT = "dwarf-with-dsym";
				ENABLE_NS_ASSERTIONS = NO;
				ENABLE_STRICT_OBJC_MSGSEND = YES;
				GCC_C_LANGUAGE_STANDARD = gnu11;
				GCC_NO_COMMON_BLOCKS = YES;
				GCC_WARN_64_TO_32_BIT_CONVERSION = YES;
				GCC_WARN_ABOUT_RETURN_TYPE = YES_ERROR;
				GCC_WARN_UNDECLARED_SELECTOR = YES;
				GCC_WARN_UNINITIALIZED_AUTOS = YES_AGGRESSIVE;
				GCC_WARN_UNUSED_FUNCTION = YES;
				GCC_WARN_UNUSED_VARIABLE = YES;
				MACOSX_DEPLOYMENT_TARGET = 10.15;
				MTL_ENABLE_DEBUG_INFO = NO;
				MTL_FAST_MATH = YES;
				SDKROOT = macosx;
				SWIFT_COMPILATION_MODE = wholemodule;
				SWIFT_OPTIMIZATION_LEVEL = "-O";
			};
			name = Release;
		};
		962C5A1326DA46D70004FFD3 /* Debug */ = {
			isa = XCBuildConfiguration;
			buildSettings = {
				ASSETCATALOG_COMPILER_APPICON_NAME = AppIcon;
				ASSETCATALOG_COMPILER_GLOBAL_ACCENT_COLOR_NAME = AccentColor;
				ASSETCATALOG_COMPILER_INCLUDE_ALL_APPICON_ASSETS = YES;
				CODE_SIGN_ENTITLEMENTS = GimmePhotos/GimmePhotos.entitlements;
				CODE_SIGN_STYLE = Automatic;
				COMBINE_HIDPI_IMAGES = YES;
				CURRENT_PROJECT_VERSION = 5;
				DEVELOPMENT_TEAM = K2L5A5R4BX;
				INFOPLIST_FILE = GimmePhotos/Info.plist;
				LD_RUNPATH_SEARCH_PATHS = (
					"$(inherited)",
					"@executable_path/../Frameworks",
				);
				MARKETING_VERSION = 1.0.5;
				PRODUCT_BUNDLE_IDENTIFIER = com.andrzejbiernacki.GimmePhotos;
				PRODUCT_NAME = "$(TARGET_NAME)";
				SWIFT_VERSION = 5.0;
			};
			name = Debug;
		};
		962C5A1426DA46D70004FFD3 /* Release */ = {
			isa = XCBuildConfiguration;
			buildSettings = {
				ASSETCATALOG_COMPILER_APPICON_NAME = AppIcon;
				ASSETCATALOG_COMPILER_GLOBAL_ACCENT_COLOR_NAME = AccentColor;
				ASSETCATALOG_COMPILER_INCLUDE_ALL_APPICON_ASSETS = YES;
				CODE_SIGN_ENTITLEMENTS = GimmePhotos/GimmePhotos.entitlements;
				CODE_SIGN_STYLE = Automatic;
				COMBINE_HIDPI_IMAGES = YES;
				CURRENT_PROJECT_VERSION = 5;
				DEVELOPMENT_TEAM = K2L5A5R4BX;
				INFOPLIST_FILE = GimmePhotos/Info.plist;
				LD_RUNPATH_SEARCH_PATHS = (
					"$(inherited)",
					"@executable_path/../Frameworks",
				);
				MARKETING_VERSION = 1.0.5;
				PRODUCT_BUNDLE_IDENTIFIER = com.andrzejbiernacki.GimmePhotos;
				PRODUCT_NAME = "$(TARGET_NAME)";
				SWIFT_VERSION = 5.0;
			};
			name = Release;
		};
		962C5A1626DA46D70004FFD3 /* Debug */ = {
			isa = XCBuildConfiguration;
			buildSettings = {
				ALWAYS_EMBED_SWIFT_STANDARD_LIBRARIES = YES;
				BUNDLE_LOADER = "$(TEST_HOST)";
				CODE_SIGN_STYLE = Automatic;
				COMBINE_HIDPI_IMAGES = YES;
				INFOPLIST_FILE = GimmePhotosTests/Info.plist;
				LD_RUNPATH_SEARCH_PATHS = (
					"$(inherited)",
					"@executable_path/../Frameworks",
					"@loader_path/../Frameworks",
				);
				MACOSX_DEPLOYMENT_TARGET = 10.15;
				PRODUCT_BUNDLE_IDENTIFIER = com.andrzejbiernacki.GimmePhotosTests;
				PRODUCT_NAME = "$(TARGET_NAME)";
				SWIFT_VERSION = 5.0;
				TEST_HOST = "$(BUILT_PRODUCTS_DIR)/GimmePhotos.app/Contents/MacOS/GimmePhotos";
			};
			name = Debug;
		};
		962C5A1726DA46D70004FFD3 /* Release */ = {
			isa = XCBuildConfiguration;
			buildSettings = {
				ALWAYS_EMBED_SWIFT_STANDARD_LIBRARIES = YES;
				BUNDLE_LOADER = "$(TEST_HOST)";
				CODE_SIGN_STYLE = Automatic;
				COMBINE_HIDPI_IMAGES = YES;
				INFOPLIST_FILE = GimmePhotosTests/Info.plist;
				LD_RUNPATH_SEARCH_PATHS = (
					"$(inherited)",
					"@executable_path/../Frameworks",
					"@loader_path/../Frameworks",
				);
				MACOSX_DEPLOYMENT_TARGET = 10.15;
				PRODUCT_BUNDLE_IDENTIFIER = com.andrzejbiernacki.GimmePhotosTests;
				PRODUCT_NAME = "$(TARGET_NAME)";
				SWIFT_VERSION = 5.0;
				TEST_HOST = "$(BUILT_PRODUCTS_DIR)/GimmePhotos.app/Contents/MacOS/GimmePhotos";
			};
			name = Release;
		};
		962C5A1926DA46D70004FFD3 /* Debug */ = {
			isa = XCBuildConfiguration;
			buildSettings = {
				ALWAYS_EMBED_SWIFT_STANDARD_LIBRARIES = YES;
				CODE_SIGN_STYLE = Automatic;
				COMBINE_HIDPI_IMAGES = YES;
				INFOPLIST_FILE = GimmePhotosUITests/Info.plist;
				LD_RUNPATH_SEARCH_PATHS = (
					"$(inherited)",
					"@executable_path/../Frameworks",
					"@loader_path/../Frameworks",
				);
				PRODUCT_BUNDLE_IDENTIFIER = com.andrzejbiernacki.GimmePhotosUITests;
				PRODUCT_NAME = "$(TARGET_NAME)";
				SWIFT_VERSION = 5.0;
				TEST_TARGET_NAME = GimmePhotos;
			};
			name = Debug;
		};
		962C5A1A26DA46D70004FFD3 /* Release */ = {
			isa = XCBuildConfiguration;
			buildSettings = {
				ALWAYS_EMBED_SWIFT_STANDARD_LIBRARIES = YES;
				CODE_SIGN_STYLE = Automatic;
				COMBINE_HIDPI_IMAGES = YES;
				INFOPLIST_FILE = GimmePhotosUITests/Info.plist;
				LD_RUNPATH_SEARCH_PATHS = (
					"$(inherited)",
					"@executable_path/../Frameworks",
					"@loader_path/../Frameworks",
				);
				PRODUCT_BUNDLE_IDENTIFIER = com.andrzejbiernacki.GimmePhotosUITests;
				PRODUCT_NAME = "$(TARGET_NAME)";
				SWIFT_VERSION = 5.0;
				TEST_TARGET_NAME = GimmePhotos;
			};
			name = Release;
		};
/* End XCBuildConfiguration section */

/* Begin XCConfigurationList section */
		962C59E726DA46D50004FFD3 /* Build configuration list for PBXProject "GimmePhotos" */ = {
			isa = XCConfigurationList;
			buildConfigurations = (
				962C5A1026DA46D70004FFD3 /* Debug */,
				962C5A1126DA46D70004FFD3 /* Release */,
			);
			defaultConfigurationIsVisible = 0;
			defaultConfigurationName = Release;
		};
		962C5A1226DA46D70004FFD3 /* Build configuration list for PBXNativeTarget "GimmePhotos" */ = {
			isa = XCConfigurationList;
			buildConfigurations = (
				962C5A1326DA46D70004FFD3 /* Debug */,
				962C5A1426DA46D70004FFD3 /* Release */,
			);
			defaultConfigurationIsVisible = 0;
			defaultConfigurationName = Release;
		};
		962C5A1526DA46D70004FFD3 /* Build configuration list for PBXNativeTarget "GimmePhotosTests" */ = {
			isa = XCConfigurationList;
			buildConfigurations = (
				962C5A1626DA46D70004FFD3 /* Debug */,
				962C5A1726DA46D70004FFD3 /* Release */,
			);
			defaultConfigurationIsVisible = 0;
			defaultConfigurationName = Release;
		};
		962C5A1826DA46D70004FFD3 /* Build configuration list for PBXNativeTarget "GimmePhotosUITests" */ = {
			isa = XCConfigurationList;
			buildConfigurations = (
				962C5A1926DA46D70004FFD3 /* Debug */,
				962C5A1A26DA46D70004FFD3 /* Release */,
			);
			defaultConfigurationIsVisible = 0;
			defaultConfigurationName = Release;
		};
/* End XCConfigurationList section */
	};
	rootObject = 962C59E426DA46D50004FFD3 /* Project object */;
}
